
Microsoft Visual Studio Solution File, Format Version 12.00
# Visual Studio 15
VisualStudioVersion = 15.0.27428.2015
MinimumVisualStudioVersion = 10.0.40219.1
Project("{FAE04EC0-301F-11D3-BF4B-00C04F79EFBC}") = "PSoftII_AdminGI", "PSoftII_AdminGI\PSoftII_AdminGI.csproj", "{69E7855E-3B38-4A33-9569-2605DE1F2C7C}"
EndProject
Project("{FAE04EC0-301F-11D3-BF4B-00C04F79EFBC}") = "PSoftII_AdminGI.Tests", "PSoftII_AdminGI.Tests\PSoftII_AdminGI.Tests.csproj", "{0F2D09F7-7839-45A6-A788-6D6B1E4C52CF}"
EndProject
Global
	GlobalSection(SolutionConfigurationPlatforms) = preSolution
		Debug|Any CPU = Debug|Any CPU
		Release|Any CPU = Release|Any CPU
	EndGlobalSection
	GlobalSection(ProjectConfigurationPlatforms) = postSolution
		{69E7855E-3B38-4A33-9569-2605DE1F2C7C}.Debug|Any CPU.ActiveCfg = Debug|Any CPU
		{69E7855E-3B38-4A33-9569-2605DE1F2C7C}.Debug|Any CPU.Build.0 = Debug|Any CPU
		{69E7855E-3B38-4A33-9569-2605DE1F2C7C}.Release|Any CPU.ActiveCfg = Release|Any CPU
		{69E7855E-3B38-4A33-9569-2605DE1F2C7C}.Release|Any CPU.Build.0 = Release|Any CPU
		{0F2D09F7-7839-45A6-A788-6D6B1E4C52CF}.Debug|Any CPU.ActiveCfg = Debug|Any CPU
		{0F2D09F7-7839-45A6-A788-6D6B1E4C52CF}.Debug|Any CPU.Build.0 = Debug|Any CPU
		{0F2D09F7-7839-45A6-A788-6D6B1E4C52CF}.Release|Any CPU.ActiveCfg = Release|Any CPU
		{0F2D09F7-7839-45A6-A788-6D6B1E4C52CF}.Release|Any CPU.Build.0 = Release|Any CPU
	EndGlobalSection
	GlobalSection(SolutionProperties) = preSolution
		HideSolutionNode = FALSE
	EndGlobalSection
	GlobalSection(ExtensibilityGlobals) = postSolution
		SolutionGuid = {A253B1D8-BFC7-45D4-8A95-8930421B900A}
	EndGlobalSection
EndGlobal
